
Microsoft Visual Studio Solution File, Format Version 12.00
Project("{FAE04EC0-301F-11D3-BF4B-00C04F79EFBC}") = "Quizerio.Api", "Quizerio.Api\Quizerio.Api.csproj", "{4C6905A7-D6ED-4617-BE74-D08483695D30}"
EndProject
Project("{FAE04EC0-301F-11D3-BF4B-00C04F79EFBC}") = "Quizerio.Client", "Quizerio.Client\Quizerio.Client.csproj", "{A132EC49-6738-45D9-8C8B-40515F9D068B}"
EndProject
Project("{FAE04EC0-301F-11D3-BF4B-00C04F79EFBC}") = "Quizerio.CMS", "Quizerio.CMS\Quizerio.CMS.csproj", "{FCD619F3-3A91-48A3-B1B7-37E0FAC1011B}"
EndProject
Project("{FAE04EC0-301F-11D3-BF4B-00C04F79EFBC}") = "Quizerio.Domain", "Quizerio.Domain\Quizerio.Domain.csproj", "{56DEF58E-E2A4-420D-BC0D-F72EEE6BEC58}"
EndProject
Project("{FAE04EC0-301F-11D3-BF4B-00C04F79EFBC}") = "Quizerio.Infrastructure", "Quizerio.Infrastructure\Quizerio.Infrastructure.csproj", "{774A667C-794A-4035-A8E6-9F9649DB4C67}"
EndProject
Project("{FAE04EC0-301F-11D3-BF4B-00C04F79EFBC}") = "Quizerio.Application", "Quizerio.Application\Quizerio.Application.csproj", "{C8E71F3A-F637-4EF0-897B-6F35B9ADE02F}"
EndProject
Global
	GlobalSection(SolutionConfigurationPlatforms) = preSolution
		Debug|Any CPU = Debug|Any CPU
		Release|Any CPU = Release|Any CPU
	EndGlobalSection
	GlobalSection(ProjectConfigurationPlatforms) = postSolution
		{4C6905A7-D6ED-4617-BE74-D08483695D30}.Debug|Any CPU.ActiveCfg = Debug|Any CPU
		{4C6905A7-D6ED-4617-BE74-D08483695D30}.Debug|Any CPU.Build.0 = Debug|Any CPU
		{4C6905A7-D6ED-4617-BE74-D08483695D30}.Release|Any CPU.ActiveCfg = Release|Any CPU
		{4C6905A7-D6ED-4617-BE74-D08483695D30}.Release|Any CPU.Build.0 = Release|Any CPU
		{A132EC49-6738-45D9-8C8B-40515F9D068B}.Debug|Any CPU.ActiveCfg = Debug|Any CPU
		{A132EC49-6738-45D9-8C8B-40515F9D068B}.Debug|Any CPU.Build.0 = Debug|Any CPU
		{A132EC49-6738-45D9-8C8B-40515F9D068B}.Release|Any CPU.ActiveCfg = Release|Any CPU
		{A132EC49-6738-45D9-8C8B-40515F9D068B}.Release|Any CPU.Build.0 = Release|Any CPU
		{FCD619F3-3A91-48A3-B1B7-37E0FAC1011B}.Debug|Any CPU.ActiveCfg = Debug|Any CPU
		{FCD619F3-3A91-48A3-B1B7-37E0FAC1011B}.Debug|Any CPU.Build.0 = Debug|Any CPU
		{FCD619F3-3A91-48A3-B1B7-37E0FAC1011B}.Release|Any CPU.ActiveCfg = Release|Any CPU
		{FCD619F3-3A91-48A3-B1B7-37E0FAC1011B}.Release|Any CPU.Build.0 = Release|Any CPU
		{56DEF58E-E2A4-420D-BC0D-F72EEE6BEC58}.Debug|Any CPU.ActiveCfg = Debug|Any CPU
		{56DEF58E-E2A4-420D-BC0D-F72EEE6BEC58}.Debug|Any CPU.Build.0 = Debug|Any CPU
		{56DEF58E-E2A4-420D-BC0D-F72EEE6BEC58}.Release|Any CPU.ActiveCfg = Release|Any CPU
		{56DEF58E-E2A4-420D-BC0D-F72EEE6BEC58}.Release|Any CPU.Build.0 = Release|Any CPU
		{774A667C-794A-4035-A8E6-9F9649DB4C67}.Debug|Any CPU.ActiveCfg = Debug|Any CPU
		{774A667C-794A-4035-A8E6-9F9649DB4C67}.Debug|Any CPU.Build.0 = Debug|Any CPU
		{774A667C-794A-4035-A8E6-9F9649DB4C67}.Release|Any CPU.ActiveCfg = Release|Any CPU
		{774A667C-794A-4035-A8E6-9F9649DB4C67}.Release|Any CPU.Build.0 = Release|Any CPU
		{C8E71F3A-F637-4EF0-897B-6F35B9ADE02F}.Debug|Any CPU.ActiveCfg = Debug|Any CPU
		{C8E71F3A-F637-4EF0-897B-6F35B9ADE02F}.Debug|Any CPU.Build.0 = Debug|Any CPU
		{C8E71F3A-F637-4EF0-897B-6F35B9ADE02F}.Release|Any CPU.ActiveCfg = Release|Any CPU
		{C8E71F3A-F637-4EF0-897B-6F35B9ADE02F}.Release|Any CPU.Build.0 = Release|Any CPU
	EndGlobalSection
EndGlobal
